// !$*UTF8*$!
{
	archiveVersion = 1;
	classes = {
	};
	objectVersion = 55;
	objects = {

/* Begin PBXBuildFile section */
		E17BA45A28AB612D00BCE092 /* AccessCoreData.swift in Sources */ = {isa = PBXBuildFile; fileRef = E17BA45928AB612D00BCE092 /* AccessCoreData.swift */; };
		E17BA45E28AB7E7D00BCE092 /* EmployeeTableViewCell.xib in Resources */ = {isa = PBXBuildFile; fileRef = E17BA45D28AB7E7D00BCE092 /* EmployeeTableViewCell.xib */; };
		E17BA46028AB844300BCE092 /* EmployeeTableViewCell.swift in Sources */ = {isa = PBXBuildFile; fileRef = E17BA45F28AB844300BCE092 /* EmployeeTableViewCell.swift */; };
		E19262142898F8C40010FD50 /* AppDelegate.swift in Sources */ = {isa = PBXBuildFile; fileRef = E19262132898F8C40010FD50 /* AppDelegate.swift */; };
		E19262162898F8C40010FD50 /* SceneDelegate.swift in Sources */ = {isa = PBXBuildFile; fileRef = E19262152898F8C40010FD50 /* SceneDelegate.swift */; };
		E19262182898F8C40010FD50 /* EmployeeListViewController.swift in Sources */ = {isa = PBXBuildFile; fileRef = E19262172898F8C40010FD50 /* EmployeeListViewController.swift */; };
		E192621B2898F8C40010FD50 /* EmployeeListViewController.storyboard in Resources */ = {isa = PBXBuildFile; fileRef = E19262192898F8C40010FD50 /* EmployeeListViewController.storyboard */; };
		E192621E2898F8C50010FD50 /* EmployeeManagement.xcdatamodeld in Sources */ = {isa = PBXBuildFile; fileRef = E192621C2898F8C50010FD50 /* EmployeeManagement.xcdatamodeld */; };
		E19262202898F8C80010FD50 /* Assets.xcassets in Resources */ = {isa = PBXBuildFile; fileRef = E192621F2898F8C80010FD50 /* Assets.xcassets */; };
		E19262232898F8C80010FD50 /* LaunchScreen.storyboard in Resources */ = {isa = PBXBuildFile; fileRef = E19262212898F8C80010FD50 /* LaunchScreen.storyboard */; };
		E192622E2898F8C90010FD50 /* EmployeeManagementTests.swift in Sources */ = {isa = PBXBuildFile; fileRef = E192622D2898F8C90010FD50 /* EmployeeManagementTests.swift */; };
		E19262382898F8C90010FD50 /* EmployeeManagementUITests.swift in Sources */ = {isa = PBXBuildFile; fileRef = E19262372898F8C90010FD50 /* EmployeeManagementUITests.swift */; };
		E192623A2898F8C90010FD50 /* EmployeeManagementUITestsLaunchTests.swift in Sources */ = {isa = PBXBuildFile; fileRef = E19262392898F8C90010FD50 /* EmployeeManagementUITestsLaunchTests.swift */; };
		E1926247289904FD0010FD50 /* InsertEmployeeViewController.storyboard in Resources */ = {isa = PBXBuildFile; fileRef = E1926246289904FD0010FD50 /* InsertEmployeeViewController.storyboard */; };
		E1926249289907250010FD50 /* InsertEmployeeViewController.swift in Sources */ = {isa = PBXBuildFile; fileRef = E1926248289907250010FD50 /* InsertEmployeeViewController.swift */; };
		E1B3C8C6289CAA4D00BB6838 /* ValidationEmployeeInfo.swift in Sources */ = {isa = PBXBuildFile; fileRef = E1B3C8C5289CAA4D00BB6838 /* ValidationEmployeeInfo.swift */; };
/* End PBXBuildFile section */

/* Begin PBXContainerItemProxy section */
		E192622A2898F8C90010FD50 /* PBXContainerItemProxy */ = {
			isa = PBXContainerItemProxy;
			containerPortal = E19262082898F8C40010FD50 /* Project object */;
			proxyType = 1;
			remoteGlobalIDString = E192620F2898F8C40010FD50;
			remoteInfo = EmployeeManagement;
		};
		E19262342898F8C90010FD50 /* PBXContainerItemProxy */ = {
			isa = PBXContainerItemProxy;
			containerPortal = E19262082898F8C40010FD50 /* Project object */;
			proxyType = 1;
			remoteGlobalIDString = E192620F2898F8C40010FD50;
			remoteInfo = EmployeeManagement;
		};
/* End PBXContainerItemProxy section */

/* Begin PBXFileReference section */
		E17BA45928AB612D00BCE092 /* AccessCoreData.swift */ = {isa = PBXFileReference; lastKnownFileType = sourcecode.swift; path = AccessCoreData.swift; sourceTree = "<group>"; };
		E17BA45D28AB7E7D00BCE092 /* EmployeeTableViewCell.xib */ = {isa = PBXFileReference; lastKnownFileType = file.xib; path = EmployeeTableViewCell.xib; sourceTree = "<group>"; };
		E17BA45F28AB844300BCE092 /* EmployeeTableViewCell.swift */ = {isa = PBXFileReference; lastKnownFileType = sourcecode.swift; path = EmployeeTableViewCell.swift; sourceTree = "<group>"; };
		E19262102898F8C40010FD50 /* EmployeeManagement.app */ = {isa = PBXFileReference; explicitFileType = wrapper.application; includeInIndex = 0; path = EmployeeManagement.app; sourceTree = BUILT_PRODUCTS_DIR; };
		E19262132898F8C40010FD50 /* AppDelegate.swift */ = {isa = PBXFileReference; lastKnownFileType = sourcecode.swift; path = AppDelegate.swift; sourceTree = "<group>"; };
		E19262152898F8C40010FD50 /* SceneDelegate.swift */ = {isa = PBXFileReference; lastKnownFileType = sourcecode.swift; path = SceneDelegate.swift; sourceTree = "<group>"; };
		E19262172898F8C40010FD50 /* EmployeeListViewController.swift */ = {isa = PBXFileReference; lastKnownFileType = sourcecode.swift; path = EmployeeListViewController.swift; sourceTree = "<group>"; };
		E192621A2898F8C40010FD50 /* Base */ = {isa = PBXFileReference; lastKnownFileType = file.storyboard; name = Base; path = Base.lproj/EmployeeListViewController.storyboard; sourceTree = "<group>"; };
		E192621D2898F8C50010FD50 /* EmployeeManagement.xcdatamodel */ = {isa = PBXFileReference; lastKnownFileType = wrapper.xcdatamodel; path = EmployeeManagement.xcdatamodel; sourceTree = "<group>"; };
		E192621F2898F8C80010FD50 /* Assets.xcassets */ = {isa = PBXFileReference; lastKnownFileType = folder.assetcatalog; path = Assets.xcassets; sourceTree = "<group>"; };
		E19262222898F8C80010FD50 /* Base */ = {isa = PBXFileReference; lastKnownFileType = file.storyboard; name = Base; path = Base.lproj/LaunchScreen.storyboard; sourceTree = "<group>"; };
		E19262242898F8C80010FD50 /* Info.plist */ = {isa = PBXFileReference; lastKnownFileType = text.plist.xml; path = Info.plist; sourceTree = "<group>"; };
		E19262292898F8C90010FD50 /* EmployeeManagementTests.xctest */ = {isa = PBXFileReference; explicitFileType = wrapper.cfbundle; includeInIndex = 0; path = EmployeeManagementTests.xctest; sourceTree = BUILT_PRODUCTS_DIR; };
		E192622D2898F8C90010FD50 /* EmployeeManagementTests.swift */ = {isa = PBXFileReference; lastKnownFileType = sourcecode.swift; path = EmployeeManagementTests.swift; sourceTree = "<group>"; };
		E19262332898F8C90010FD50 /* EmployeeManagementUITests.xctest */ = {isa = PBXFileReference; explicitFileType = wrapper.cfbundle; includeInIndex = 0; path = EmployeeManagementUITests.xctest; sourceTree = BUILT_PRODUCTS_DIR; };
		E19262372898F8C90010FD50 /* EmployeeManagementUITests.swift */ = {isa = PBXFileReference; lastKnownFileType = sourcecode.swift; path = EmployeeManagementUITests.swift; sourceTree = "<group>"; };
		E19262392898F8C90010FD50 /* EmployeeManagementUITestsLaunchTests.swift */ = {isa = PBXFileReference; lastKnownFileType = sourcecode.swift; path = EmployeeManagementUITestsLaunchTests.swift; sourceTree = "<group>"; };
		E1926246289904FD0010FD50 /* InsertEmployeeViewController.storyboard */ = {isa = PBXFileReference; lastKnownFileType = file.storyboard; path = InsertEmployeeViewController.storyboard; sourceTree = "<group>"; };
		E1926248289907250010FD50 /* InsertEmployeeViewController.swift */ = {isa = PBXFileReference; lastKnownFileType = sourcecode.swift; path = InsertEmployeeViewController.swift; sourceTree = "<group>"; };
		E1B3C8C5289CAA4D00BB6838 /* ValidationEmployeeInfo.swift */ = {isa = PBXFileReference; lastKnownFileType = sourcecode.swift; path = ValidationEmployeeInfo.swift; sourceTree = "<group>"; };
/* End PBXFileReference section */

/* Begin PBXFrameworksBuildPhase section */
		E192620D2898F8C40010FD50 /* Frameworks */ = {
			isa = PBXFrameworksBuildPhase;
			buildActionMask = 2147483647;
			files = (
			);
			runOnlyForDeploymentPostprocessing = 0;
		};
		E19262262898F8C90010FD50 /* Frameworks */ = {
			isa = PBXFrameworksBuildPhase;
			buildActionMask = 2147483647;
			files = (
			);
			runOnlyForDeploymentPostprocessing = 0;
		};
		E19262302898F8C90010FD50 /* Frameworks */ = {
			isa = PBXFrameworksBuildPhase;
			buildActionMask = 2147483647;
			files = (
			);
			runOnlyForDeploymentPostprocessing = 0;
		};
/* End PBXFrameworksBuildPhase section */

/* Begin PBXGroup section */
		E19262072898F8C40010FD50 = {
			isa = PBXGroup;
			children = (
				E19262122898F8C40010FD50 /* EmployeeManagement */,
				E192622C2898F8C90010FD50 /* EmployeeManagementTests */,
				E19262362898F8C90010FD50 /* EmployeeManagementUITests */,
				E19262112898F8C40010FD50 /* Products */,
			);
			sourceTree = "<group>";
		};
		E19262112898F8C40010FD50 /* Products */ = {
			isa = PBXGroup;
			children = (
				E19262102898F8C40010FD50 /* EmployeeManagement.app */,
				E19262292898F8C90010FD50 /* EmployeeManagementTests.xctest */,
				E19262332898F8C90010FD50 /* EmployeeManagementUITests.xctest */,
			);
			name = Products;
			sourceTree = "<group>";
		};
		E19262122898F8C40010FD50 /* EmployeeManagement */ = {
			isa = PBXGroup;
			children = (
				E19262132898F8C40010FD50 /* AppDelegate.swift */,
				E19262152898F8C40010FD50 /* SceneDelegate.swift */,
				E19262172898F8C40010FD50 /* EmployeeListViewController.swift */,
				E1926248289907250010FD50 /* InsertEmployeeViewController.swift */,
				E1B3C8C5289CAA4D00BB6838 /* ValidationEmployeeInfo.swift */,
				E17BA45928AB612D00BCE092 /* AccessCoreData.swift */,
				E17BA45F28AB844300BCE092 /* EmployeeTableViewCell.swift */,
				E19262192898F8C40010FD50 /* EmployeeListViewController.storyboard */,
				E17BA45D28AB7E7D00BCE092 /* EmployeeTableViewCell.xib */,
				E1926246289904FD0010FD50 /* InsertEmployeeViewController.storyboard */,
				E192621F2898F8C80010FD50 /* Assets.xcassets */,
				E19262212898F8C80010FD50 /* LaunchScreen.storyboard */,
				E19262242898F8C80010FD50 /* Info.plist */,
				E192621C2898F8C50010FD50 /* EmployeeManagement.xcdatamodeld */,
			);
			path = EmployeeManagement;
			sourceTree = "<group>";
		};
		E192622C2898F8C90010FD50 /* EmployeeManagementTests */ = {
			isa = PBXGroup;
			children = (
				E192622D2898F8C90010FD50 /* EmployeeManagementTests.swift */,
			);
			path = EmployeeManagementTests;
			sourceTree = "<group>";
		};
		E19262362898F8C90010FD50 /* EmployeeManagementUITests */ = {
			isa = PBXGroup;
			children = (
				E19262372898F8C90010FD50 /* EmployeeManagementUITests.swift */,
				E19262392898F8C90010FD50 /* EmployeeManagementUITestsLaunchTests.swift */,
			);
			path = EmployeeManagementUITests;
			sourceTree = "<group>";
		};
/* End PBXGroup section */

/* Begin PBXNativeTarget section */
		E192620F2898F8C40010FD50 /* EmployeeManagement */ = {
			isa = PBXNativeTarget;
			buildConfigurationList = E192623D2898F8C90010FD50 /* Build configuration list for PBXNativeTarget "EmployeeManagement" */;
			buildPhases = (
				E192620C2898F8C40010FD50 /* Sources */,
				E192620D2898F8C40010FD50 /* Frameworks */,
				E192620E2898F8C40010FD50 /* Resources */,
			);
			buildRules = (
			);
			dependencies = (
			);
			name = EmployeeManagement;
			productName = EmployeeManagement;
			productReference = E19262102898F8C40010FD50 /* EmployeeManagement.app */;
			productType = "com.apple.product-type.application";
		};
		E19262282898F8C90010FD50 /* EmployeeManagementTests */ = {
			isa = PBXNativeTarget;
			buildConfigurationList = E19262402898F8C90010FD50 /* Build configuration list for PBXNativeTarget "EmployeeManagementTests" */;
			buildPhases = (
				E19262252898F8C90010FD50 /* Sources */,
				E19262262898F8C90010FD50 /* Frameworks */,
				E19262272898F8C90010FD50 /* Resources */,
			);
			buildRules = (
			);
			dependencies = (
				E192622B2898F8C90010FD50 /* PBXTargetDependency */,
			);
			name = EmployeeManagementTests;
			productName = EmployeeManagementTests;
			productReference = E19262292898F8C90010FD50 /* EmployeeManagementTests.xctest */;
			productType = "com.apple.product-type.bundle.unit-test";
		};
		E19262322898F8C90010FD50 /* EmployeeManagementUITests */ = {
			isa = PBXNativeTarget;
			buildConfigurationList = E19262432898F8C90010FD50 /* Build configuration list for PBXNativeTarget "EmployeeManagementUITests" */;
			buildPhases = (
				E192622F2898F8C90010FD50 /* Sources */,
				E19262302898F8C90010FD50 /* Frameworks */,
				E19262312898F8C90010FD50 /* Resources */,
			);
			buildRules = (
			);
			dependencies = (
				E19262352898F8C90010FD50 /* PBXTargetDependency */,
			);
			name = EmployeeManagementUITests;
			productName = EmployeeManagementUITests;
			productReference = E19262332898F8C90010FD50 /* EmployeeManagementUITests.xctest */;
			productType = "com.apple.product-type.bundle.ui-testing";
		};
/* End PBXNativeTarget section */

/* Begin PBXProject section */
		E19262082898F8C40010FD50 /* Project object */ = {
			isa = PBXProject;
			attributes = {
				BuildIndependentTargetsInParallel = 1;
				LastSwiftUpdateCheck = 1300;
				LastUpgradeCheck = 1300;
				TargetAttributes = {
					E192620F2898F8C40010FD50 = {
						CreatedOnToolsVersion = 13.0;
					};
					E19262282898F8C90010FD50 = {
						CreatedOnToolsVersion = 13.0;
						TestTargetID = E192620F2898F8C40010FD50;
					};
					E19262322898F8C90010FD50 = {
						CreatedOnToolsVersion = 13.0;
						TestTargetID = E192620F2898F8C40010FD50;
					};
				};
			};
			buildConfigurationList = E192620B2898F8C40010FD50 /* Build configuration list for PBXProject "EmployeeManagement" */;
			compatibilityVersion = "Xcode 13.0";
			developmentRegion = en;
			hasScannedForEncodings = 0;
			knownRegions = (
				en,
				Base,
			);
			mainGroup = E19262072898F8C40010FD50;
			productRefGroup = E19262112898F8C40010FD50 /* Products */;
			projectDirPath = "";
			projectRoot = "";
			targets = (
				E192620F2898F8C40010FD50 /* EmployeeManagement */,
				E19262282898F8C90010FD50 /* EmployeeManagementTests */,
				E19262322898F8C90010FD50 /* EmployeeManagementUITests */,
			);
		};
/* End PBXProject section */

/* Begin PBXResourcesBuildPhase section */
		E192620E2898F8C40010FD50 /* Resources */ = {
			isa = PBXResourcesBuildPhase;
			buildActionMask = 2147483647;
			files = (
				E19262232898F8C80010FD50 /* LaunchScreen.storyboard in Resources */,
				E17BA45E28AB7E7D00BCE092 /* EmployeeTableViewCell.xib in Resources */,
				E19262202898F8C80010FD50 /* Assets.xcassets in Resources */,
				E1926247289904FD0010FD50 /* InsertEmployeeViewController.storyboard in Resources */,
				E192621B2898F8C40010FD50 /* EmployeeListViewController.storyboard in Resources */,
			);
			runOnlyForDeploymentPostprocessing = 0;
		};
		E19262272898F8C90010FD50 /* Resources */ = {
			isa = PBXResourcesBuildPhase;
			buildActionMask = 2147483647;
			files = (
			);
			runOnlyForDeploymentPostprocessing = 0;
		};
		E19262312898F8C90010FD50 /* Resources */ = {
			isa = PBXResourcesBuildPhase;
			buildActionMask = 2147483647;
			files = (
			);
			runOnlyForDeploymentPostprocessing = 0;
		};
/* End PBXResourcesBuildPhase section */

/* Begin PBXSourcesBuildPhase section */
		E192620C2898F8C40010FD50 /* Sources */ = {
			isa = PBXSourcesBuildPhase;
			buildActionMask = 2147483647;
			files = (
				E192621E2898F8C50010FD50 /* EmployeeManagement.xcdatamodeld in Sources */,
				E19262182898F8C40010FD50 /* EmployeeListViewController.swift in Sources */,
				E1926249289907250010FD50 /* InsertEmployeeViewController.swift in Sources */,
				E17BA45A28AB612D00BCE092 /* AccessCoreData.swift in Sources */,
				E17BA46028AB844300BCE092 /* EmployeeTableViewCell.swift in Sources */,
				E19262142898F8C40010FD50 /* AppDelegate.swift in Sources */,
				E1B3C8C6289CAA4D00BB6838 /* ValidationEmployeeInfo.swift in Sources */,
				E19262162898F8C40010FD50 /* SceneDelegate.swift in Sources */,
			);
			runOnlyForDeploymentPostprocessing = 0;
		};
		E19262252898F8C90010FD50 /* Sources */ = {
			isa = PBXSourcesBuildPhase;
			buildActionMask = 2147483647;
			files = (
				E192622E2898F8C90010FD50 /* EmployeeManagementTests.swift in Sources */,
			);
			runOnlyForDeploymentPostprocessing = 0;
		};
		E192622F2898F8C90010FD50 /* Sources */ = {
			isa = PBXSourcesBuildPhase;
			buildActionMask = 2147483647;
			files = (
				E19262382898F8C90010FD50 /* EmployeeManagementUITests.swift in Sources */,
				E192623A2898F8C90010FD50 /* EmployeeManagementUITestsLaunchTests.swift in Sources */,
			);
			runOnlyForDeploymentPostprocessing = 0;
		};
/* End PBXSourcesBuildPhase section */

/* Begin PBXTargetDependency section */
		E192622B2898F8C90010FD50 /* PBXTargetDependency */ = {
			isa = PBXTargetDependency;
			target = E192620F2898F8C40010FD50 /* EmployeeManagement */;
			targetProxy = E192622A2898F8C90010FD50 /* PBXContainerItemProxy */;
		};
		E19262352898F8C90010FD50 /* PBXTargetDependency */ = {
			isa = PBXTargetDependency;
			target = E192620F2898F8C40010FD50 /* EmployeeManagement */;
			targetProxy = E19262342898F8C90010FD50 /* PBXContainerItemProxy */;
		};
/* End PBXTargetDependency section */

/* Begin PBXVariantGroup section */
		E19262192898F8C40010FD50 /* EmployeeListViewController.storyboard */ = {
			isa = PBXVariantGroup;
			children = (
				E192621A2898F8C40010FD50 /* Base */,
			);
			name = EmployeeListViewController.storyboard;
			sourceTree = "<group>";
		};
		E19262212898F8C80010FD50 /* LaunchScreen.storyboard */ = {
			isa = PBXVariantGroup;
			children = (
				E19262222898F8C80010FD50 /* Base */,
			);
			name = LaunchScreen.storyboard;
			sourceTree = "<group>";
		};
/* End PBXVariantGroup section */

/* Begin XCBuildConfiguration section */
		E192623B2898F8C90010FD50 /* Debug */ = {
			isa = XCBuildConfiguration;
			buildSettings = {
				ALWAYS_SEARCH_USER_PATHS = NO;
				CLANG_ANALYZER_NONNULL = YES;
				CLANG_ANALYZER_NUMBER_OBJECT_CONVERSION = YES_AGGRESSIVE;
				CLANG_CXX_LANGUAGE_STANDARD = "gnu++17";
				CLANG_CXX_LIBRARY = "libc++";
				CLANG_ENABLE_MODULES = YES;
				CLANG_ENABLE_OBJC_ARC = YES;
				CLANG_ENABLE_OBJC_WEAK = YES;
				CLANG_WARN_BLOCK_CAPTURE_AUTORELEASING = YES;
				CLANG_WARN_BOOL_CONVERSION = YES;
				CLANG_WARN_COMMA = YES;
				CLANG_WARN_CONSTANT_CONVERSION = YES;
				CLANG_WARN_DEPRECATED_OBJC_IMPLEMENTATIONS = YES;
				CLANG_WARN_DIRECT_OBJC_ISA_USAGE = YES_ERROR;
				CLANG_WARN_DOCUMENTATION_COMMENTS = YES;
				CLANG_WARN_EMPTY_BODY = YES;
				CLANG_WARN_ENUM_CONVERSION = YES;
				CLANG_WARN_INFINITE_RECURSION = YES;
				CLANG_WARN_INT_CONVERSION = YES;
				CLANG_WARN_NON_LITERAL_NULL_CONVERSION = YES;
				CLANG_WARN_OBJC_IMPLICIT_RETAIN_SELF = YES;
				CLANG_WARN_OBJC_LITERAL_CONVERSION = YES;
				CLANG_WARN_OBJC_ROOT_CLASS = YES_ERROR;
				CLANG_WARN_QUOTED_INCLUDE_IN_FRAMEWORK_HEADER = YES;
				CLANG_WARN_RANGE_LOOP_ANALYSIS = YES;
				CLANG_WARN_STRICT_PROTOTYPES = YES;
				CLANG_WARN_SUSPICIOUS_MOVE = YES;
				CLANG_WARN_UNGUARDED_AVAILABILITY = YES_AGGRESSIVE;
				CLANG_WARN_UNREACHABLE_CODE = YES;
				CLANG_WARN__DUPLICATE_METHOD_MATCH = YES;
				COPY_PHASE_STRIP = NO;
				DEBUG_INFORMATION_FORMAT = dwarf;
				ENABLE_STRICT_OBJC_MSGSEND = YES;
				ENABLE_TESTABILITY = YES;
				GCC_C_LANGUAGE_STANDARD = gnu11;
				GCC_DYNAMIC_NO_PIC = NO;
				GCC_NO_COMMON_BLOCKS = YES;
				GCC_OPTIMIZATION_LEVEL = 0;
				GCC_PREPROCESSOR_DEFINITIONS = (
					"DEBUG=1",
					"$(inherited)",
				);
				GCC_WARN_64_TO_32_BIT_CONVERSION = YES;
				GCC_WARN_ABOUT_RETURN_TYPE = YES_ERROR;
				GCC_WARN_UNDECLARED_SELECTOR = YES;
				GCC_WARN_UNINITIALIZED_AUTOS = YES_AGGRESSIVE;
				GCC_WARN_UNUSED_FUNCTION = YES;
				GCC_WARN_UNUSED_VARIABLE = YES;
				IPHONEOS_DEPLOYMENT_TARGET = 15.0;
				MTL_ENABLE_DEBUG_INFO = INCLUDE_SOURCE;
				MTL_FAST_MATH = YES;
				ONLY_ACTIVE_ARCH = YES;
				SDKROOT = iphoneos;
				SWIFT_ACTIVE_COMPILATION_CONDITIONS = DEBUG;
				SWIFT_OPTIMIZATION_LEVEL = "-Onone";
			};
			name = Debug;
		};
		E192623C2898F8C90010FD50 /* Release */ = {
			isa = XCBuildConfiguration;
			buildSettings = {
				ALWAYS_SEARCH_USER_PATHS = NO;
				CLANG_ANALYZER_NONNULL = YES;
				CLANG_ANALYZER_NUMBER_OBJECT_CONVERSION = YES_AGGRESSIVE;
				CLANG_CXX_LANGUAGE_STANDARD = "gnu++17";
				CLANG_CXX_LIBRARY = "libc++";
				CLANG_ENABLE_MODULES = YES;
				CLANG_ENABLE_OBJC_ARC = YES;
				CLANG_ENABLE_OBJC_WEAK = YES;
				CLANG_WARN_BLOCK_CAPTURE_AUTORELEASING = YES;
				CLANG_WARN_BOOL_CONVERSION = YES;
				CLANG_WARN_COMMA = YES;
				CLANG_WARN_CONSTANT_CONVERSION = YES;
				CLANG_WARN_DEPRECATED_OBJC_IMPLEMENTATIONS = YES;
				CLANG_WARN_DIRECT_OBJC_ISA_USAGE = YES_ERROR;
				CLANG_WARN_DOCUMENTATION_COMMENTS = YES;
				CLANG_WARN_EMPTY_BODY = YES;
				CLANG_WARN_ENUM_CONVERSION = YES;
				CLANG_WARN_INFINITE_RECURSION = YES;
				CLANG_WARN_INT_CONVERSION = YES;
				CLANG_WARN_NON_LITERAL_NULL_CONVERSION = YES;
				CLANG_WARN_OBJC_IMPLICIT_RETAIN_SELF = YES;
				CLANG_WARN_OBJC_LITERAL_CONVERSION = YES;
				CLANG_WARN_OBJC_ROOT_CLASS = YES_ERROR;
				CLANG_WARN_QUOTED_INCLUDE_IN_FRAMEWORK_HEADER = YES;
				CLANG_WARN_RANGE_LOOP_ANALYSIS = YES;
				CLANG_WARN_STRICT_PROTOTYPES = YES;
				CLANG_WARN_SUSPICIOUS_MOVE = YES;
				CLANG_WARN_UNGUARDED_AVAILABILITY = YES_AGGRESSIVE;
				CLANG_WARN_UNREACHABLE_CODE = YES;
				CLANG_WARN__DUPLICATE_METHOD_MATCH = YES;
				COPY_PHASE_STRIP = NO;
				DEBUG_INFORMATION_FORMAT = "dwarf-with-dsym";
				ENABLE_NS_ASSERTIONS = NO;
				ENABLE_STRICT_OBJC_MSGSEND = YES;
				GCC_C_LANGUAGE_STANDARD = gnu11;
				GCC_NO_COMMON_BLOCKS = YES;
				GCC_WARN_64_TO_32_BIT_CONVERSION = YES;
				GCC_WARN_ABOUT_RETURN_TYPE = YES_ERROR;
				GCC_WARN_UNDECLARED_SELECTOR = YES;
				GCC_WARN_UNINITIALIZED_AUTOS = YES_AGGRESSIVE;
				GCC_WARN_UNUSED_FUNCTION = YES;
				GCC_WARN_UNUSED_VARIABLE = YES;
				IPHONEOS_DEPLOYMENT_TARGET = 15.0;
				MTL_ENABLE_DEBUG_INFO = NO;
				MTL_FAST_MATH = YES;
				SDKROOT = iphoneos;
				SWIFT_COMPILATION_MODE = wholemodule;
				SWIFT_OPTIMIZATION_LEVEL = "-O";
				VALIDATE_PRODUCT = YES;
			};
			name = Release;
		};
		E192623E2898F8C90010FD50 /* Debug */ = {
			isa = XCBuildConfiguration;
			buildSettings = {
				ASSETCATALOG_COMPILER_APPICON_NAME = AppIcon;
				ASSETCATALOG_COMPILER_GLOBAL_ACCENT_COLOR_NAME = AccentColor;
				CODE_SIGN_STYLE = Automatic;
				CURRENT_PROJECT_VERSION = 1;
				DEVELOPMENT_TEAM = RW4L3RJ5UX;
				GENERATE_INFOPLIST_FILE = YES;
				INFOPLIST_FILE = EmployeeManagement/Info.plist;
				INFOPLIST_KEY_UIApplicationSupportsIndirectInputEvents = YES;
				INFOPLIST_KEY_UILaunchStoryboardName = LaunchScreen;
				INFOPLIST_KEY_UIMainStoryboardFile = EmployeeListViewController;
				INFOPLIST_KEY_UISupportedInterfaceOrientations_iPad = "UIInterfaceOrientationPortrait UIInterfaceOrientationPortraitUpsideDown UIInterfaceOrientationLandscapeLeft UIInterfaceOrientationLandscapeRight";
				INFOPLIST_KEY_UISupportedInterfaceOrientations_iPhone = "UIInterfaceOrientationPortrait UIInterfaceOrientationLandscapeLeft UIInterfaceOrientationLandscapeRight";
				LD_RUNPATH_SEARCH_PATHS = (
					"$(inherited)",
					"@executable_path/Frameworks",
				);
				MARKETING_VERSION = 1.0;
				PRODUCT_BUNDLE_IDENTIFIER = oishikai.EmployeeManagement;
				PRODUCT_NAME = "$(TARGET_NAME)";
				SWIFT_EMIT_LOC_STRINGS = YES;
				SWIFT_VERSION = 5.0;
				TARGETED_DEVICE_FAMILY = "1,2";
			};
			name = Debug;
		};
		E192623F2898F8C90010FD50 /* Release */ = {
			isa = XCBuildConfiguration;
			buildSettings = {
				ASSETCATALOG_COMPILER_APPICON_NAME = AppIcon;
				ASSETCATALOG_COMPILER_GLOBAL_ACCENT_COLOR_NAME = AccentColor;
				CODE_SIGN_STYLE = Automatic;
				CURRENT_PROJECT_VERSION = 1;
				DEVELOPMENT_TEAM = RW4L3RJ5UX;
				GENERATE_INFOPLIST_FILE = YES;
				INFOPLIST_FILE = EmployeeManagement/Info.plist;
				INFOPLIST_KEY_UIApplicationSupportsIndirectInputEvents = YES;
				INFOPLIST_KEY_UILaunchStoryboardName = LaunchScreen;
				INFOPLIST_KEY_UIMainStoryboardFile = EmployeeListViewController;
				INFOPLIST_KEY_UISupportedInterfaceOrientations_iPad = "UIInterfaceOrientationPortrait UIInterfaceOrientationPortraitUpsideDown UIInterfaceOrientationLandscapeLeft UIInterfaceOrientationLandscapeRight";
				INFOPLIST_KEY_UISupportedInterfaceOrientations_iPhone = "UIInterfaceOrientationPortrait UIInterfaceOrientationLandscapeLeft UIInterfaceOrientationLandscapeRight";
				LD_RUNPATH_SEARCH_PATHS = (
					"$(inherited)",
					"@executable_path/Frameworks",
				);
				MARKETING_VERSION = 1.0;
				PRODUCT_BUNDLE_IDENTIFIER = oishikai.EmployeeManagement;
				PRODUCT_NAME = "$(TARGET_NAME)";
				SWIFT_EMIT_LOC_STRINGS = YES;
				SWIFT_VERSION = 5.0;
				TARGETED_DEVICE_FAMILY = "1,2";
			};
			name = Release;
		};
		E19262412898F8C90010FD50 /* Debug */ = {
			isa = XCBuildConfiguration;
			buildSettings = {
				ALWAYS_EMBED_SWIFT_STANDARD_LIBRARIES = YES;
				BUNDLE_LOADER = "$(TEST_HOST)";
				CODE_SIGN_STYLE = Automatic;
				CURRENT_PROJECT_VERSION = 1;
				DEVELOPMENT_TEAM = RW4L3RJ5UX;
				GENERATE_INFOPLIST_FILE = YES;
				IPHONEOS_DEPLOYMENT_TARGET = 15.0;
				LD_RUNPATH_SEARCH_PATHS = (
					"$(inherited)",
					"@executable_path/Frameworks",
					"@loader_path/Frameworks",
				);
				MARKETING_VERSION = 1.0;
				PRODUCT_BUNDLE_IDENTIFIER = oishikai.EmployeeManagementTests;
				PRODUCT_NAME = "$(TARGET_NAME)";
				SWIFT_EMIT_LOC_STRINGS = NO;
				SWIFT_VERSION = 5.0;
				TARGETED_DEVICE_FAMILY = "1,2";
				TEST_HOST = "$(BUILT_PRODUCTS_DIR)/EmployeeManagement.app/EmployeeManagement";
			};
			name = Debug;
		};
		E19262422898F8C90010FD50 /* Release */ = {
			isa = XCBuildConfiguration;
			buildSettings = {
				ALWAYS_EMBED_SWIFT_STANDARD_LIBRARIES = YES;
				BUNDLE_LOADER = "$(TEST_HOST)";
				CODE_SIGN_STYLE = Automatic;
				CURRENT_PROJECT_VERSION = 1;
				DEVELOPMENT_TEAM = RW4L3RJ5UX;
				GENERATE_INFOPLIST_FILE = YES;
				IPHONEOS_DEPLOYMENT_TARGET = 15.0;
				LD_RUNPATH_SEARCH_PATHS = (
					"$(inherited)",
					"@executable_path/Frameworks",
					"@loader_path/Frameworks",
				);
				MARKETING_VERSION = 1.0;
				PRODUCT_BUNDLE_IDENTIFIER = oishikai.EmployeeManagementTests;
				PRODUCT_NAME = "$(TARGET_NAME)";
				SWIFT_EMIT_LOC_STRINGS = NO;
				SWIFT_VERSION = 5.0;
				TARGETED_DEVICE_FAMILY = "1,2";
				TEST_HOST = "$(BUILT_PRODUCTS_DIR)/EmployeeManagement.app/EmployeeManagement";
			};
			name = Release;
		};
		E19262442898F8C90010FD50 /* Debug */ = {
			isa = XCBuildConfiguration;
			buildSettings = {
				ALWAYS_EMBED_SWIFT_STANDARD_LIBRARIES = YES;
				CODE_SIGN_STYLE = Automatic;
				CURRENT_PROJECT_VERSION = 1;
				DEVELOPMENT_TEAM = RW4L3RJ5UX;
				GENERATE_INFOPLIST_FILE = YES;
				LD_RUNPATH_SEARCH_PATHS = (
					"$(inherited)",
					"@executable_path/Frameworks",
					"@loader_path/Frameworks",
				);
				MARKETING_VERSION = 1.0;
				PRODUCT_BUNDLE_IDENTIFIER = oishikai.EmployeeManagementUITests;
				PRODUCT_NAME = "$(TARGET_NAME)";
				SWIFT_EMIT_LOC_STRINGS = NO;
				SWIFT_VERSION = 5.0;
				TARGETED_DEVICE_FAMILY = "1,2";
				TEST_TARGET_NAME = EmployeeManagement;
			};
			name = Debug;
		};
		E19262452898F8C90010FD50 /* Release */ = {
			isa = XCBuildConfiguration;
			buildSettings = {
				ALWAYS_EMBED_SWIFT_STANDARD_LIBRARIES = YES;
				CODE_SIGN_STYLE = Automatic;
				CURRENT_PROJECT_VERSION = 1;
				DEVELOPMENT_TEAM = RW4L3RJ5UX;
				GENERATE_INFOPLIST_FILE = YES;
				LD_RUNPATH_SEARCH_PATHS = (
					"$(inherited)",
					"@executable_path/Frameworks",
					"@loader_path/Frameworks",
				);
				MARKETING_VERSION = 1.0;
				PRODUCT_BUNDLE_IDENTIFIER = oishikai.EmployeeManagementUITests;
				PRODUCT_NAME = "$(TARGET_NAME)";
				SWIFT_EMIT_LOC_STRINGS = NO;
				SWIFT_VERSION = 5.0;
				TARGETED_DEVICE_FAMILY = "1,2";
				TEST_TARGET_NAME = EmployeeManagement;
			};
			name = Release;
		};
/* End XCBuildConfiguration section */

/* Begin XCConfigurationList section */
		E192620B2898F8C40010FD50 /* Build configuration list for PBXProject "EmployeeManagement" */ = {
			isa = XCConfigurationList;
			buildConfigurations = (
				E192623B2898F8C90010FD50 /* Debug */,
				E192623C2898F8C90010FD50 /* Release */,
			);
			defaultConfigurationIsVisible = 0;
			defaultConfigurationName = Release;
		};
		E192623D2898F8C90010FD50 /* Build configuration list for PBXNativeTarget "EmployeeManagement" */ = {
			isa = XCConfigurationList;
			buildConfigurations = (
				E192623E2898F8C90010FD50 /* Debug */,
				E192623F2898F8C90010FD50 /* Release */,
			);
			defaultConfigurationIsVisible = 0;
			defaultConfigurationName = Release;
		};
		E19262402898F8C90010FD50 /* Build configuration list for PBXNativeTarget "EmployeeManagementTests" */ = {
			isa = XCConfigurationList;
			buildConfigurations = (
				E19262412898F8C90010FD50 /* Debug */,
				E19262422898F8C90010FD50 /* Release */,
			);
			defaultConfigurationIsVisible = 0;
			defaultConfigurationName = Release;
		};
		E19262432898F8C90010FD50 /* Build configuration list for PBXNativeTarget "EmployeeManagementUITests" */ = {
			isa = XCConfigurationList;
			buildConfigurations = (
				E19262442898F8C90010FD50 /* Debug */,
				E19262452898F8C90010FD50 /* Release */,
			);
			defaultConfigurationIsVisible = 0;
			defaultConfigurationName = Release;
		};
/* End XCConfigurationList section */

/* Begin XCVersionGroup section */
		E192621C2898F8C50010FD50 /* EmployeeManagement.xcdatamodeld */ = {
			isa = XCVersionGroup;
			children = (
				E192621D2898F8C50010FD50 /* EmployeeManagement.xcdatamodel */,
			);
			currentVersion = E192621D2898F8C50010FD50 /* EmployeeManagement.xcdatamodel */;
			path = EmployeeManagement.xcdatamodeld;
			sourceTree = "<group>";
			versionGroupType = wrapper.xcdatamodel;
		};
/* End XCVersionGroup section */
	};
	rootObject = E19262082898F8C40010FD50 /* Project object */;
}
